
Microsoft Visual Studio Solution File, Format Version 12.00
# Visual Studio 15
VisualStudioVersion = 15.0.27130.2010
MinimumVisualStudioVersion = 10.0.40219.1
Project("{FAE04EC0-301F-11D3-BF4B-00C04F79EFBC}") = "LinkedList", "LinkedList\LinkedList.csproj", "{96022ED9-10AF-4970-9963-A353B2EDC054}"
EndProject
Project("{FAE04EC0-301F-11D3-BF4B-00C04F79EFBC}") = "Algorithms_and_DataStructures_Test", "Algorithms_and_DataStructures_Test\Algorithms_and_DataStructures_Test.csproj", "{5DDE7788-B2FF-467C-91C4-9D7D254315C4}"
EndProject
Project("{FAE04EC0-301F-11D3-BF4B-00C04F79EFBC}") = "Stack", "Stack\Stack.csproj", "{B537BB6F-57C8-47C5-AA48-9ABEA5185C26}"
EndProject
Project("{FAE04EC0-301F-11D3-BF4B-00C04F79EFBC}") = "Queue", "Queue\Queue.csproj", "{F8658A32-83C8-4FDB-A7C4-F169609BC70A}"
EndProject
Project("{FAE04EC0-301F-11D3-BF4B-00C04F79EFBC}") = "BinaryTree", "BinaryTree\BinaryTree.csproj", "{44FCC810-5EAE-4276-B5EC-6CF0398ECE30}"
EndProject
Project("{FAE04EC0-301F-11D3-BF4B-00C04F79EFBC}") = "HashTable", "HashTable\HashTable.csproj", "{28EEA619-E4A2-41BD-B943-F15FFBDB7F5F}"
EndProject
Project("{FAE04EC0-301F-11D3-BF4B-00C04F79EFBC}") = "HashTable.WordCount", "HashTable.WordCount\HashTable.WordCount.csproj", "{FEEB2709-4AEA-4AFF-937C-0F507EABC762}"
EndProject
Global
	GlobalSection(SolutionConfigurationPlatforms) = preSolution
		Debug|Any CPU = Debug|Any CPU
		Release|Any CPU = Release|Any CPU
	EndGlobalSection
	GlobalSection(ProjectConfigurationPlatforms) = postSolution
		{96022ED9-10AF-4970-9963-A353B2EDC054}.Debug|Any CPU.ActiveCfg = Debug|Any CPU
		{96022ED9-10AF-4970-9963-A353B2EDC054}.Debug|Any CPU.Build.0 = Debug|Any CPU
		{96022ED9-10AF-4970-9963-A353B2EDC054}.Release|Any CPU.ActiveCfg = Release|Any CPU
		{96022ED9-10AF-4970-9963-A353B2EDC054}.Release|Any CPU.Build.0 = Release|Any CPU
		{5DDE7788-B2FF-467C-91C4-9D7D254315C4}.Debug|Any CPU.ActiveCfg = Debug|Any CPU
		{5DDE7788-B2FF-467C-91C4-9D7D254315C4}.Debug|Any CPU.Build.0 = Debug|Any CPU
		{5DDE7788-B2FF-467C-91C4-9D7D254315C4}.Release|Any CPU.ActiveCfg = Release|Any CPU
		{5DDE7788-B2FF-467C-91C4-9D7D254315C4}.Release|Any CPU.Build.0 = Release|Any CPU
		{B537BB6F-57C8-47C5-AA48-9ABEA5185C26}.Debug|Any CPU.ActiveCfg = Debug|Any CPU
		{B537BB6F-57C8-47C5-AA48-9ABEA5185C26}.Debug|Any CPU.Build.0 = Debug|Any CPU
		{B537BB6F-57C8-47C5-AA48-9ABEA5185C26}.Release|Any CPU.ActiveCfg = Release|Any CPU
		{B537BB6F-57C8-47C5-AA48-9ABEA5185C26}.Release|Any CPU.Build.0 = Release|Any CPU
		{F8658A32-83C8-4FDB-A7C4-F169609BC70A}.Debug|Any CPU.ActiveCfg = Debug|Any CPU
		{F8658A32-83C8-4FDB-A7C4-F169609BC70A}.Debug|Any CPU.Build.0 = Debug|Any CPU
		{F8658A32-83C8-4FDB-A7C4-F169609BC70A}.Release|Any CPU.ActiveCfg = Release|Any CPU
		{F8658A32-83C8-4FDB-A7C4-F169609BC70A}.Release|Any CPU.Build.0 = Release|Any CPU
		{44FCC810-5EAE-4276-B5EC-6CF0398ECE30}.Debug|Any CPU.ActiveCfg = Debug|Any CPU
		{44FCC810-5EAE-4276-B5EC-6CF0398ECE30}.Debug|Any CPU.Build.0 = Debug|Any CPU
		{44FCC810-5EAE-4276-B5EC-6CF0398ECE30}.Release|Any CPU.ActiveCfg = Release|Any CPU
		{44FCC810-5EAE-4276-B5EC-6CF0398ECE30}.Release|Any CPU.Build.0 = Release|Any CPU
		{28EEA619-E4A2-41BD-B943-F15FFBDB7F5F}.Debug|Any CPU.ActiveCfg = Debug|Any CPU
		{28EEA619-E4A2-41BD-B943-F15FFBDB7F5F}.Debug|Any CPU.Build.0 = Debug|Any CPU
		{28EEA619-E4A2-41BD-B943-F15FFBDB7F5F}.Release|Any CPU.ActiveCfg = Release|Any CPU
		{28EEA619-E4A2-41BD-B943-F15FFBDB7F5F}.Release|Any CPU.Build.0 = Release|Any CPU
		{FEEB2709-4AEA-4AFF-937C-0F507EABC762}.Debug|Any CPU.ActiveCfg = Debug|Any CPU
		{FEEB2709-4AEA-4AFF-937C-0F507EABC762}.Debug|Any CPU.Build.0 = Debug|Any CPU
		{FEEB2709-4AEA-4AFF-937C-0F507EABC762}.Release|Any CPU.ActiveCfg = Release|Any CPU
		{FEEB2709-4AEA-4AFF-937C-0F507EABC762}.Release|Any CPU.Build.0 = Release|Any CPU
	EndGlobalSection
	GlobalSection(SolutionProperties) = preSolution
		HideSolutionNode = FALSE
	EndGlobalSection
	GlobalSection(ExtensibilityGlobals) = postSolution
		SolutionGuid = {50C3540C-F860-456F-94E0-A037C7723971}
	EndGlobalSection
EndGlobal
